schema: '2.0'
stages:
  data_ingestion:
    cmd: python src/data_ingestion.py
    deps:
    - path: src/data_ingestion.py
      hash: md5
      md5: cf5705b0db04fe7788e9d259bc2395ef
      size: 445
    outs:
    - path: data/rawfile.csv
      hash: md5
      md5: 40342d24ec1d39827b1ab24d5b300eff
      size: 1895201
  data_preprocessing:
    cmd: python src/data_preprocessing.py
    deps:
    - path: data/rawfile.csv
      hash: md5
      md5: 40342d24ec1d39827b1ab24d5b300eff
      size: 1895201
    - path: src/data_preprocessing.py
      hash: md5
      md5: a7fc0595a05660810cee62d58ba2141d
      size: 2620
    outs:
    - path: data/Cleaned_rawfile.csv
      hash: md5
      md5: 9abaad7f5050abec606d117514c44952
      size: 293033
  model_building:
    cmd: python src/model_building.py
    deps:
    - path: data/Cleaned_rawfile.csv
      hash: md5
      md5: 9abaad7f5050abec606d117514c44952
      size: 293033
    - path: src/model_building.py
      hash: md5
      md5: e46e176e592967e5700b6e577fa2275f
      size: 1259
    outs:
    - path: data/x_test.csv
      hash: md5
      md5: c0c53e53598a8c030e195fe8f9b1e85c
      size: 72507
    - path: data/y_test.csv
      hash: md5
      md5: 55317c52795b65223a8ffbfa19573831
      size: 1695
    - path: model/telecom_user.pkl
      hash: md5
      md5: 600b37c7d513d475f4ba485e29803165
      size: 1359025
  model_evaluation:
    cmd: python src/model_evaluation.py
    deps:
    - path: data/x_test.csv
      hash: md5
      md5: c0c53e53598a8c030e195fe8f9b1e85c
      size: 72507
    - path: data/y_test.csv
      hash: md5
      md5: 55317c52795b65223a8ffbfa19573831
      size: 1695
    - path: model/telecom_user.pkl
      hash: md5
      md5: 600b37c7d513d475f4ba485e29803165
      size: 1359025
    outs:
    - path: metrics/metric.json
      hash: md5
      md5: 0af9f67633b9c2f8143ef61e34389a32
      size: 150
