schema: '2.0'
stages:
  data_ingestion:
    cmd: python src/data_ingestion.py
    deps:
    - path: src/data_ingestion.py
      hash: md5
      md5: cf5705b0db04fe7788e9d259bc2395ef
      size: 445
    outs:
    - path: data/rawfile.csv
      hash: md5
      md5: 40342d24ec1d39827b1ab24d5b300eff
      size: 1895201
  data_preprocessing:
    cmd: python src/data_preprocessing.py
    deps:
    - path: data/rawfile.csv
      hash: md5
      md5: 40342d24ec1d39827b1ab24d5b300eff
      size: 1895201
    - path: src/data_preprocessing.py
      hash: md5
      md5: 350882e8969bc8d2713529273d7aed39
      size: 2620
    outs:
    - path: data/Cleaned_rawfile.csv
      hash: md5
      md5: 9abaad7f5050abec606d117514c44952
      size: 293033
  model_evaluation:
    cmd: python src/model_evaluation.py
    deps:
    - path: data/x_test.csv
      hash: md5
      md5: 38b05fa48aefab81a56dc76fcebc81a9
      size: 72479
    - path: data/y_test.csv
      hash: md5
      md5: 166f8e12d3c9f6bf16783de5e55325ef
      size: 1695
    - path: model/telecom_user.pkl
      hash: md5
      md5: 39cf4b69783c079b1cc86dd03c9daedf
      size: 1355677
    outs:
    - path: metrics/metric.json
      hash: md5
      md5: fa3abc7ea6be1334c6856e47b7184a00
      size: 112
  model_building:
    cmd: python src/model_building.py
    deps:
    - path: data/cleaned_rawfile.csv
      hash: md5
      md5: 9abaad7f5050abec606d117514c44952
      size: 293033
    - path: src/model_building.py
      hash: md5
      md5: 74913eadfedcb435505e8edc4e15a8e0
      size: 1259
    outs:
    - path: data/x_test.csv
      hash: md5
      md5: 38b05fa48aefab81a56dc76fcebc81a9
      size: 72479
    - path: data/y_test.csv
      hash: md5
      md5: 166f8e12d3c9f6bf16783de5e55325ef
      size: 1695
    - path: model/telecom_user.pkl
      hash: md5
      md5: 39cf4b69783c079b1cc86dd03c9daedf
      size: 1355677
